// !$*UTF8*$!
{
	archiveVersion = 1;
	classes = {
	};
	objectVersion = 46;
	objects = {

/* Begin PBXBuildFile section */
		CD53842118B7142100780EE6 /* Parse.framework in Frameworks */ = {isa = PBXBuildFile; fileRef = CD53842018B7142100780EE6 /* Parse.framework */; };
		CDB2533A18C633B800F49FC3 /* MyFriendsViewController.m in Sources */ = {isa = PBXBuildFile; fileRef = CDB2533918C633B800F49FC3 /* MyFriendsViewController.m */; };
		CDB2533C18C6533E00F49FC3 /* gamecenter_button@2x.png in Resources */ = {isa = PBXBuildFile; fileRef = CDB2533B18C6533E00F49FC3 /* gamecenter_button@2x.png */; };
		CDB2533E18C6538000F49FC3 /* friends_button@2x.png in Resources */ = {isa = PBXBuildFile; fileRef = CDB2533D18C6538000F49FC3 /* friends_button@2x.png */; };
		CDB2534018C6607100F49FC3 /* addasfriend_button@2x.png in Resources */ = {isa = PBXBuildFile; fileRef = CDB2533F18C6607100F49FC3 /* addasfriend_button@2x.png */; };
		CDD32BD318C57778005CA4E0 /* tape@2x.png in Resources */ = {isa = PBXBuildFile; fileRef = CDD32BD218C57778005CA4E0 /* tape@2x.png */; };
		E70028C118BBE4AA00036E1B /* PublicDeadViewController.m in Sources */ = {isa = PBXBuildFile; fileRef = E70028C018BBE4AA00036E1B /* PublicDeadViewController.m */; };
		E70028C418BBF3F100036E1B /* PrivateDeadViewController.m in Sources */ = {isa = PBXBuildFile; fileRef = E70028C318BBF3F100036E1B /* PrivateDeadViewController.m */; };
		E703935918C51724005B0E84 /* share_twitter@2x.png in Resources */ = {isa = PBXBuildFile; fileRef = E703935818C51724005B0E84 /* share_twitter@2x.png */; };
		E703935B18C5177C005B0E84 /* share_email@2x.png in Resources */ = {isa = PBXBuildFile; fileRef = E703935A18C5177C005B0E84 /* share_email@2x.png */; };
		E703935D18C517CF005B0E84 /* share_facebook@2x.png in Resources */ = {isa = PBXBuildFile; fileRef = E703935C18C517CF005B0E84 /* share_facebook@2x.png */; };
		E705A9E318AE728700CFE7B6 /* app_icon.png in Resources */ = {isa = PBXBuildFile; fileRef = E705A9CA18AE728700CFE7B6 /* app_icon.png */; };
		E705A9E618AE728700CFE7B6 /* blue.png in Resources */ = {isa = PBXBuildFile; fileRef = E705A9CD18AE728700CFE7B6 /* blue.png */; };
		E705A9E718AE728700CFE7B6 /* blue@2x.png in Resources */ = {isa = PBXBuildFile; fileRef = E705A9CE18AE728700CFE7B6 /* blue@2x.png */; };
		E705A9E818AE728700CFE7B6 /* compass.png in Resources */ = {isa = PBXBuildFile; fileRef = E705A9CF18AE728700CFE7B6 /* compass.png */; };
		E705A9E918AE728700CFE7B6 /* compass@2x.png in Resources */ = {isa = PBXBuildFile; fileRef = E705A9D018AE728700CFE7B6 /* compass@2x.png */; };
		E705A9EA18AE728700CFE7B6 /* Default-568h@2x.png in Resources */ = {isa = PBXBuildFile; fileRef = E705A9D118AE728700CFE7B6 /* Default-568h@2x.png */; };
		E705A9EB18AE728700CFE7B6 /* dotImage@2x.png in Resources */ = {isa = PBXBuildFile; fileRef = E705A9D218AE728700CFE7B6 /* dotImage@2x.png */; };
		E705A9F018AE728700CFE7B6 /* login_facebook@2x.png in Resources */ = {isa = PBXBuildFile; fileRef = E705A9D718AE728700CFE7B6 /* login_facebook@2x.png */; };
		E705A9F118AE728700CFE7B6 /* hole.png in Resources */ = {isa = PBXBuildFile; fileRef = E705A9D818AE728700CFE7B6 /* hole.png */; };
		E705A9F218AE728700CFE7B6 /* locate.png in Resources */ = {isa = PBXBuildFile; fileRef = E705A9D918AE728700CFE7B6 /* locate.png */; };
		E705A9F318AE728700CFE7B6 /* locate@2x.png in Resources */ = {isa = PBXBuildFile; fileRef = E705A9DA18AE728700CFE7B6 /* locate@2x.png */; };
		E705A9F418AE728700CFE7B6 /* profile.png in Resources */ = {isa = PBXBuildFile; fileRef = E705A9DB18AE728700CFE7B6 /* profile.png */; };
		E705A9F518AE728700CFE7B6 /* profile@2x.png in Resources */ = {isa = PBXBuildFile; fileRef = E705A9DC18AE728700CFE7B6 /* profile@2x.png */; };
		E705A9F618AE728700CFE7B6 /* red.png in Resources */ = {isa = PBXBuildFile; fileRef = E705A9DD18AE728700CFE7B6 /* red.png */; };
		E705A9F718AE728700CFE7B6 /* red@2x.png in Resources */ = {isa = PBXBuildFile; fileRef = E705A9DE18AE728700CFE7B6 /* red@2x.png */; };
		E705A9FB18AE728700CFE7B6 /* user.png in Resources */ = {isa = PBXBuildFile; fileRef = E705A9E218AE728700CFE7B6 /* user.png */; };
		E705AA0218AE72DA00CFE7B6 /* LoginViewController.m in Sources */ = {isa = PBXBuildFile; fileRef = E705A9FD18AE72DA00CFE7B6 /* LoginViewController.m */; };
		E705AA0318AE72DA00CFE7B6 /* PasswordResetViewController.m in Sources */ = {isa = PBXBuildFile; fileRef = E705A9FF18AE72DA00CFE7B6 /* PasswordResetViewController.m */; };
		E705AA0418AE72DA00CFE7B6 /* SignUpViewController.m in Sources */ = {isa = PBXBuildFile; fileRef = E705AA0118AE72DA00CFE7B6 /* SignUpViewController.m */; };
		E705AA1818AE735600CFE7B6 /* CreatedViewController.m in Sources */ = {isa = PBXBuildFile; fileRef = E705AA0F18AE735600CFE7B6 /* CreatedViewController.m */; };
		E705AA1918AE735600CFE7B6 /* CreateViewController.m in Sources */ = {isa = PBXBuildFile; fileRef = E705AA1118AE735600CFE7B6 /* CreateViewController.m */; };
		E705AA1A18AE735600CFE7B6 /* FindGameViewController.m in Sources */ = {isa = PBXBuildFile; fileRef = E705AA1318AE735600CFE7B6 /* FindGameViewController.m */; };
		E705AA1B18AE735600CFE7B6 /* GameDetailsViewController.m in Sources */ = {isa = PBXBuildFile; fileRef = E705AA1518AE735600CFE7B6 /* GameDetailsViewController.m */; };
		E705AA1C18AE735600CFE7B6 /* MainMenuViewController.m in Sources */ = {isa = PBXBuildFile; fileRef = E705AA1718AE735600CFE7B6 /* MainMenuViewController.m */; };
		E705AA2318AE739000CFE7B6 /* PublicLobbyViewController.m in Sources */ = {isa = PBXBuildFile; fileRef = E705AA1E18AE739000CFE7B6 /* PublicLobbyViewController.m */; };
		E705AA2418AE739000CFE7B6 /* PublicSurvivorViewController.m in Sources */ = {isa = PBXBuildFile; fileRef = E705AA2018AE739000CFE7B6 /* PublicSurvivorViewController.m */; };
		E705AA2518AE739000CFE7B6 /* PublicZombieViewController.m in Sources */ = {isa = PBXBuildFile; fileRef = E705AA2218AE739000CFE7B6 /* PublicZombieViewController.m */; };
		E705AA2C18AE739900CFE7B6 /* PrivateLobbyViewController.m in Sources */ = {isa = PBXBuildFile; fileRef = E705AA2718AE739900CFE7B6 /* PrivateLobbyViewController.m */; };
		E705AA2D18AE739900CFE7B6 /* PrivateSurvivorViewController.m in Sources */ = {isa = PBXBuildFile; fileRef = E705AA2918AE739900CFE7B6 /* PrivateSurvivorViewController.m */; };
		E705AA2E18AE739900CFE7B6 /* PrivateZombieViewController.m in Sources */ = {isa = PBXBuildFile; fileRef = E705AA2B18AE739900CFE7B6 /* PrivateZombieViewController.m */; };
		E705AA3518AE73C400CFE7B6 /* GameCell.m in Sources */ = {isa = PBXBuildFile; fileRef = E705AA3018AE73C400CFE7B6 /* GameCell.m */; };
		E705AA3618AE73C400CFE7B6 /* UserAnnotations.m in Sources */ = {isa = PBXBuildFile; fileRef = E705AA3218AE73C400CFE7B6 /* UserAnnotations.m */; };
		E705AA3718AE73C400CFE7B6 /* UserLobbyCell.m in Sources */ = {isa = PBXBuildFile; fileRef = E705AA3418AE73C400CFE7B6 /* UserLobbyCell.m */; };
		E705AA3B18AE740200CFE7B6 /* FacebookSDK.framework in Frameworks */ = {isa = PBXBuildFile; fileRef = E705AA3A18AE740200CFE7B6 /* FacebookSDK.framework */; };
		E705AA3E18AE741000CFE7B6 /* MBProgressHUD.m in Sources */ = {isa = PBXBuildFile; fileRef = E705AA3D18AE741000CFE7B6 /* MBProgressHUD.m */; };
		E705AA4318AE744500CFE7B6 /* main.m in Sources */ = {isa = PBXBuildFile; fileRef = E705AA3F18AE744500CFE7B6 /* main.m */; };
		E705C71C18BCDD1400CFA0CD /* ProximityKit.plist in Resources */ = {isa = PBXBuildFile; fileRef = E705C71B18BCDD1400CFA0CD /* ProximityKit.plist */; };
		E7496A69187DF40F003E4B8A /* MapKit.framework in Frameworks */ = {isa = PBXBuildFile; fileRef = E7496A68187DF40F003E4B8A /* MapKit.framework */; };
		E751E4851858BF15004E8874 /* Foundation.framework in Frameworks */ = {isa = PBXBuildFile; fileRef = E751E4841858BF15004E8874 /* Foundation.framework */; };
		E751E4871858BF15004E8874 /* CoreGraphics.framework in Frameworks */ = {isa = PBXBuildFile; fileRef = E751E4861858BF15004E8874 /* CoreGraphics.framework */; };
		E751E4891858BF15004E8874 /* UIKit.framework in Frameworks */ = {isa = PBXBuildFile; fileRef = E751E4881858BF15004E8874 /* UIKit.framework */; };
		E751E48F1858BF15004E8874 /* InfoPlist.strings in Resources */ = {isa = PBXBuildFile; fileRef = E751E48D1858BF15004E8874 /* InfoPlist.strings */; };
		E751E4951858BF15004E8874 /* AppDelegate.m in Sources */ = {isa = PBXBuildFile; fileRef = E751E4941858BF15004E8874 /* AppDelegate.m */; };
		E751E4981858BF15004E8874 /* Main.storyboard in Resources */ = {isa = PBXBuildFile; fileRef = E751E4961858BF15004E8874 /* Main.storyboard */; };
		E76B2C1318BE82E700B5E45D /* splash_long.png in Resources */ = {isa = PBXBuildFile; fileRef = E76B2C1218BE82E700B5E45D /* splash_long.png */; };
		E76B2C1518BE83F300B5E45D /* splash_short.png in Resources */ = {isa = PBXBuildFile; fileRef = E76B2C1418BE83F300B5E45D /* splash_short.png */; };
		E7771BCE18B7DD560040EFCF /* 04B_19__.TTF in Resources */ = {isa = PBXBuildFile; fileRef = E7771BCD18B7DD560040EFCF /* 04B_19__.TTF */; };
		E77BFFBA1858F735002871A6 /* CoreBluetooth.framework in Frameworks */ = {isa = PBXBuildFile; fileRef = E77BFFB91858F735002871A6 /* CoreBluetooth.framework */; };
		E77BFFBC1858F73E002871A6 /* CoreLocation.framework in Frameworks */ = {isa = PBXBuildFile; fileRef = E77BFFBB1858F73E002871A6 /* CoreLocation.framework */; };
		E78107DA1860CB1300B19DB9 /* AudioToolbox.framework in Frameworks */ = {isa = PBXBuildFile; fileRef = E78107D91860CB1300B19DB9 /* AudioToolbox.framework */; };
		E78107DC1860CB1800B19DB9 /* CFNetwork.framework in Frameworks */ = {isa = PBXBuildFile; fileRef = E78107DB1860CB1800B19DB9 /* CFNetwork.framework */; };
		E78107DE1860CB3300B19DB9 /* libz.1.1.3.dylib in Frameworks */ = {isa = PBXBuildFile; fileRef = E78107DD1860CB3300B19DB9 /* libz.1.1.3.dylib */; };
		E78107E01860CB3F00B19DB9 /* MobileCoreServices.framework in Frameworks */ = {isa = PBXBuildFile; fileRef = E78107DF1860CB3F00B19DB9 /* MobileCoreServices.framework */; };
		E78107E21860CB4500B19DB9 /* QuartzCore.framework in Frameworks */ = {isa = PBXBuildFile; fileRef = E78107E11860CB4500B19DB9 /* QuartzCore.framework */; };
		E78107E41860CB4E00B19DB9 /* Security.framework in Frameworks */ = {isa = PBXBuildFile; fileRef = E78107E31860CB4E00B19DB9 /* Security.framework */; };
		E78107E81860CB6000B19DB9 /* SystemConfiguration.framework in Frameworks */ = {isa = PBXBuildFile; fileRef = E78107E71860CB6000B19DB9 /* SystemConfiguration.framework */; };
		E786A2AE18C0E96800942576 /* TitilliumWeb-Regular.ttf in Resources */ = {isa = PBXBuildFile; fileRef = E786A2A318C0E96800942576 /* TitilliumWeb-Regular.ttf */; };
		E786A2AF18C0E96800942576 /* TitilliumWeb-SemiBold.ttf in Resources */ = {isa = PBXBuildFile; fileRef = E786A2A418C0E96800942576 /* TitilliumWeb-SemiBold.ttf */; };
		E786A2B218C0EAF800942576 /* tape1@2x.png in Resources */ = {isa = PBXBuildFile; fileRef = E786A2B118C0EAF800942576 /* tape1@2x.png */; };
		E786A2B418C0EEA600942576 /* bg@2x.png in Resources */ = {isa = PBXBuildFile; fileRef = E786A2B318C0EEA600942576 /* bg@2x.png */; };
		E786A2B618C0F19800942576 /* login_button@2x.png in Resources */ = {isa = PBXBuildFile; fileRef = E786A2B518C0F19800942576 /* login_button@2x.png */; };
		E786A2B818C0F36E00942576 /* login_twitter@2x.png in Resources */ = {isa = PBXBuildFile; fileRef = E786A2B718C0F36E00942576 /* login_twitter@2x.png */; };
		E786A2BA18C0F6C000942576 /* publicgame_button@2x.png in Resources */ = {isa = PBXBuildFile; fileRef = E786A2B918C0F6C000942576 /* publicgame_button@2x.png */; };
		E786A2BC18C0F74F00942576 /* creategame_button@2x.png in Resources */ = {isa = PBXBuildFile; fileRef = E786A2BB18C0F74F00942576 /* creategame_button@2x.png */; };
		E786A2BE18C0F79E00942576 /* findgame_button@2x.png in Resources */ = {isa = PBXBuildFile; fileRef = E786A2BD18C0F79E00942576 /* findgame_button@2x.png */; };
		E786A2C018C0F7D900942576 /* bg_mainmenu@2x.png in Resources */ = {isa = PBXBuildFile; fileRef = E786A2BF18C0F7D900942576 /* bg_mainmenu@2x.png */; };
		E786A2C418C0FB4B00942576 /* findgame_button2@2x.png in Resources */ = {isa = PBXBuildFile; fileRef = E786A2C318C0FB4B00942576 /* findgame_button2@2x.png */; };
		E786A2C618C0FE2400942576 /* signmeup_button@2x.png in Resources */ = {isa = PBXBuildFile; fileRef = E786A2C518C0FE2400942576 /* signmeup_button@2x.png */; };
		E786A2C818C1014000942576 /* reset_button@2x.png in Resources */ = {isa = PBXBuildFile; fileRef = E786A2C718C1014000942576 /* reset_button@2x.png */; };
		E786A2CA18C104F200942576 /* creategame_button2@2x.png in Resources */ = {isa = PBXBuildFile; fileRef = E786A2C918C104F200942576 /* creategame_button2@2x.png */; };
		E786A2CC18C1091400942576 /* bg2@2x.png in Resources */ = {isa = PBXBuildFile; fileRef = E786A2CB18C1091400942576 /* bg2@2x.png */; };
		E786A2CE18C10B3600942576 /* joingame_button@2x.png in Resources */ = {isa = PBXBuildFile; fileRef = E786A2CD18C10B3600942576 /* joingame_button@2x.png */; };
		E786A2D018C10EEE00942576 /* home_button@2x.png in Resources */ = {isa = PBXBuildFile; fileRef = E786A2CF18C10EEE00942576 /* home_button@2x.png */; };
		E786A2D218C1125600942576 /* bg3@2x.png in Resources */ = {isa = PBXBuildFile; fileRef = E786A2D118C1125600942576 /* bg3@2x.png */; };
		E786A2D418C112C400942576 /* savechanges_button@2x.png in Resources */ = {isa = PBXBuildFile; fileRef = E786A2D318C112C400942576 /* savechanges_button@2x.png */; };
		E786A2D618C11B0F00942576 /* bg4@2x.png in Resources */ = {isa = PBXBuildFile; fileRef = E786A2D518C11B0F00942576 /* bg4@2x.png */; };
		E786A2D818C11CC400942576 /* assignteams_button@2x.png in Resources */ = {isa = PBXBuildFile; fileRef = E786A2D718C11CC400942576 /* assignteams_button@2x.png */; };
		E786A2DA18C11CCC00942576 /* startgame_button@2x.png in Resources */ = {isa = PBXBuildFile; fileRef = E786A2D918C11CCC00942576 /* startgame_button@2x.png */; };
		E7AB10CD18C4D59600A54850 /* refresh@2x.png in Resources */ = {isa = PBXBuildFile; fileRef = E7AB10CC18C4D59600A54850 /* refresh@2x.png */; };
		E7AB10D018C4D59C00A54850 /* sms.png in Resources */ = {isa = PBXBuildFile; fileRef = E7AB10CE18C4D59C00A54850 /* sms.png */; };
		E7AB10D118C4D59C00A54850 /* sms@2x.png in Resources */ = {isa = PBXBuildFile; fileRef = E7AB10CF18C4D59C00A54850 /* sms@2x.png */; };
		E7AB10D318C4E45300A54850 /* bg_green.png in Resources */ = {isa = PBXBuildFile; fileRef = E7AB10D218C4E45300A54850 /* bg_green.png */; };
		E7AB10DD18C4F08D00A54850 /* map_overlay_green.png in Resources */ = {isa = PBXBuildFile; fileRef = E7AB10DC18C4F08D00A54850 /* map_overlay_green.png */; };
		E7AB10DF18C4F1F100A54850 /* map_overlay_yellow.png in Resources */ = {isa = PBXBuildFile; fileRef = E7AB10DE18C4F1F100A54850 /* map_overlay_yellow.png */; };
		E7AB10E118C4F59F00A54850 /* bite_button@2x.png in Resources */ = {isa = PBXBuildFile; fileRef = E7AB10E018C4F59F00A54850 /* bite_button@2x.png */; };
		E7AB10E318C4F61B00A54850 /* headshot_button@2x.png in Resources */ = {isa = PBXBuildFile; fileRef = E7AB10E218C4F61B00A54850 /* headshot_button@2x.png */; };
		E7C8653E18B6594F00D80BD1 /* EditProfileViewController.m in Sources */ = {isa = PBXBuildFile; fileRef = E7C8653918B6594F00D80BD1 /* EditProfileViewController.m */; };
		E7C8653F18B6594F00D80BD1 /* FriendProfileViewController.m in Sources */ = {isa = PBXBuildFile; fileRef = E7C8653B18B6594F00D80BD1 /* FriendProfileViewController.m */; };
		E7C8654018B6594F00D80BD1 /* ProfileViewController.m in Sources */ = {isa = PBXBuildFile; fileRef = E7C8653D18B6594F00D80BD1 /* ProfileViewController.m */; };
		E7EBC23318B66007005D8AA6 /* ProximityKit.framework in Frameworks */ = {isa = PBXBuildFile; fileRef = E7EBC23218B66007005D8AA6 /* ProximityKit.framework */; };
		E7EFF88A18A12CF400DEE521 /* GameKit.framework in Frameworks */ = {isa = PBXBuildFile; fileRef = E7EFF88918A12CF400DEE521 /* GameKit.framework */; };
		E7EFF89818A136E900DEE521 /* Social.framework in Frameworks */ = {isa = PBXBuildFile; fileRef = E7EFF89718A136E900DEE521 /* Social.framework */; };
		E7F9C0AC18C12B240023D10F /* logout_button@2x.png in Resources */ = {isa = PBXBuildFile; fileRef = E7F9C0AB18C12B240023D10F /* logout_button@2x.png */; };
		E7F9C0AF18C194DE0023D10F /* BluetoothViewController.m in Sources */ = {isa = PBXBuildFile; fileRef = E7F9C0AE18C194DE0023D10F /* BluetoothViewController.m */; };
/* End PBXBuildFile section */

/* Begin PBXFileReference section */
		CD53842018B7142100780EE6 /* Parse.framework */ = {isa = PBXFileReference; lastKnownFileType = wrapper.framework; name = Parse.framework; path = ZomBeacon/Frameworks/Parse.framework; sourceTree = "<group>"; };
		CDB2533818C633B800F49FC3 /* MyFriendsViewController.h */ = {isa = PBXFileReference; fileEncoding = 4; lastKnownFileType = sourcecode.c.h; name = MyFriendsViewController.h; path = Profiles/MyFriendsViewController.h; sourceTree = "<group>"; };
		CDB2533918C633B800F49FC3 /* MyFriendsViewController.m */ = {isa = PBXFileReference; fileEncoding = 4; lastKnownFileType = sourcecode.c.objc; name = MyFriendsViewController.m; path = Profiles/MyFriendsViewController.m; sourceTree = "<group>"; };
		CDB2533B18C6533E00F49FC3 /* gamecenter_button@2x.png */ = {isa = PBXFileReference; lastKnownFileType = image.png; name = "gamecenter_button@2x.png"; path = "Images/gamecenter_button@2x.png"; sourceTree = "<group>"; };
		CDB2533D18C6538000F49FC3 /* friends_button@2x.png */ = {isa = PBXFileReference; lastKnownFileType = image.png; name = "friends_button@2x.png"; path = "Images/friends_button@2x.png"; sourceTree = "<group>"; };
		CDB2533F18C6607100F49FC3 /* addasfriend_button@2x.png */ = {isa = PBXFileReference; lastKnownFileType = image.png; name = "addasfriend_button@2x.png"; path = "Images/addasfriend_button@2x.png"; sourceTree = "<group>"; };
		CDD32BD218C57778005CA4E0 /* tape@2x.png */ = {isa = PBXFileReference; lastKnownFileType = image.png; path = "tape@2x.png"; sourceTree = "<group>"; };
		E70028BF18BBE4AA00036E1B /* PublicDeadViewController.h */ = {isa = PBXFileReference; fileEncoding = 4; lastKnownFileType = sourcecode.c.h; name = PublicDeadViewController.h; path = Navigation/PublicDeadViewController.h; sourceTree = "<group>"; };
		E70028C018BBE4AA00036E1B /* PublicDeadViewController.m */ = {isa = PBXFileReference; fileEncoding = 4; lastKnownFileType = sourcecode.c.objc; name = PublicDeadViewController.m; path = Navigation/PublicDeadViewController.m; sourceTree = "<group>"; };
		E70028C218BBF3F100036E1B /* PrivateDeadViewController.h */ = {isa = PBXFileReference; fileEncoding = 4; lastKnownFileType = sourcecode.c.h; name = PrivateDeadViewController.h; path = Navigation/PrivateDeadViewController.h; sourceTree = "<group>"; };
		E70028C318BBF3F100036E1B /* PrivateDeadViewController.m */ = {isa = PBXFileReference; fileEncoding = 4; lastKnownFileType = sourcecode.c.objc; name = PrivateDeadViewController.m; path = Navigation/PrivateDeadViewController.m; sourceTree = "<group>"; };
		E703935818C51724005B0E84 /* share_twitter@2x.png */ = {isa = PBXFileReference; lastKnownFileType = image.png; name = "share_twitter@2x.png"; path = "Images/share_twitter@2x.png"; sourceTree = "<group>"; };
		E703935A18C5177C005B0E84 /* share_email@2x.png */ = {isa = PBXFileReference; lastKnownFileType = image.png; name = "share_email@2x.png"; path = "Images/share_email@2x.png"; sourceTree = "<group>"; };
		E703935C18C517CF005B0E84 /* share_facebook@2x.png */ = {isa = PBXFileReference; lastKnownFileType = image.png; name = "share_facebook@2x.png"; path = "Images/share_facebook@2x.png"; sourceTree = "<group>"; };
		E705A9CA18AE728700CFE7B6 /* app_icon.png */ = {isa = PBXFileReference; lastKnownFileType = image.png; name = app_icon.png; path = Images/app_icon.png; sourceTree = "<group>"; };
		E705A9CD18AE728700CFE7B6 /* blue.png */ = {isa = PBXFileReference; lastKnownFileType = image.png; name = blue.png; path = Images/blue.png; sourceTree = "<group>"; };
		E705A9CE18AE728700CFE7B6 /* blue@2x.png */ = {isa = PBXFileReference; lastKnownFileType = image.png; name = "blue@2x.png"; path = "Images/blue@2x.png"; sourceTree = "<group>"; };
		E705A9CF18AE728700CFE7B6 /* compass.png */ = {isa = PBXFileReference; lastKnownFileType = image.png; name = compass.png; path = Images/compass.png; sourceTree = "<group>"; };
		E705A9D018AE728700CFE7B6 /* compass@2x.png */ = {isa = PBXFileReference; lastKnownFileType = image.png; name = "compass@2x.png"; path = "Images/compass@2x.png"; sourceTree = "<group>"; };
		E705A9D118AE728700CFE7B6 /* Default-568h@2x.png */ = {isa = PBXFileReference; lastKnownFileType = image.png; name = "Default-568h@2x.png"; path = "Images/Default-568h@2x.png"; sourceTree = "<group>"; };
		E705A9D218AE728700CFE7B6 /* dotImage@2x.png */ = {isa = PBXFileReference; lastKnownFileType = image.png; name = "dotImage@2x.png"; path = "Images/dotImage@2x.png"; sourceTree = "<group>"; };
		E705A9D718AE728700CFE7B6 /* login_facebook@2x.png */ = {isa = PBXFileReference; lastKnownFileType = image.png; name = "login_facebook@2x.png"; path = "Images/login_facebook@2x.png"; sourceTree = "<group>"; };
		E705A9D818AE728700CFE7B6 /* hole.png */ = {isa = PBXFileReference; lastKnownFileType = image.png; name = hole.png; path = Images/hole.png; sourceTree = "<group>"; };
		E705A9D918AE728700CFE7B6 /* locate.png */ = {isa = PBXFileReference; lastKnownFileType = image.png; name = locate.png; path = Images/locate.png; sourceTree = "<group>"; };
		E705A9DA18AE728700CFE7B6 /* locate@2x.png */ = {isa = PBXFileReference; lastKnownFileType = image.png; name = "locate@2x.png"; path = "Images/locate@2x.png"; sourceTree = "<group>"; };
		E705A9DB18AE728700CFE7B6 /* profile.png */ = {isa = PBXFileReference; lastKnownFileType = image.png; name = profile.png; path = Images/profile.png; sourceTree = "<group>"; };
		E705A9DC18AE728700CFE7B6 /* profile@2x.png */ = {isa = PBXFileReference; lastKnownFileType = image.png; name = "profile@2x.png"; path = "Images/profile@2x.png"; sourceTree = "<group>"; };
		E705A9DD18AE728700CFE7B6 /* red.png */ = {isa = PBXFileReference; lastKnownFileType = image.png; name = red.png; path = Images/red.png; sourceTree = "<group>"; };
		E705A9DE18AE728700CFE7B6 /* red@2x.png */ = {isa = PBXFileReference; lastKnownFileType = image.png; name = "red@2x.png"; path = "Images/red@2x.png"; sourceTree = "<group>"; };
		E705A9E218AE728700CFE7B6 /* user.png */ = {isa = PBXFileReference; lastKnownFileType = image.png; name = user.png; path = Images/user.png; sourceTree = "<group>"; };
		E705A9FC18AE72DA00CFE7B6 /* LoginViewController.h */ = {isa = PBXFileReference; fileEncoding = 4; lastKnownFileType = sourcecode.c.h; name = LoginViewController.h; path = "Login:Sign Up/LoginViewController.h"; sourceTree = "<group>"; };
		E705A9FD18AE72DA00CFE7B6 /* LoginViewController.m */ = {isa = PBXFileReference; fileEncoding = 4; lastKnownFileType = sourcecode.c.objc; name = LoginViewController.m; path = "Login:Sign Up/LoginViewController.m"; sourceTree = "<group>"; };
		E705A9FE18AE72DA00CFE7B6 /* PasswordResetViewController.h */ = {isa = PBXFileReference; fileEncoding = 4; lastKnownFileType = sourcecode.c.h; name = PasswordResetViewController.h; path = "Login:Sign Up/PasswordResetViewController.h"; sourceTree = "<group>"; };
		E705A9FF18AE72DA00CFE7B6 /* PasswordResetViewController.m */ = {isa = PBXFileReference; fileEncoding = 4; lastKnownFileType = sourcecode.c.objc; name = PasswordResetViewController.m; path = "Login:Sign Up/PasswordResetViewController.m"; sourceTree = "<group>"; };
		E705AA0018AE72DA00CFE7B6 /* SignUpViewController.h */ = {isa = PBXFileReference; fileEncoding = 4; lastKnownFileType = sourcecode.c.h; name = SignUpViewController.h; path = "Login:Sign Up/SignUpViewController.h"; sourceTree = "<group>"; };
		E705AA0118AE72DA00CFE7B6 /* SignUpViewController.m */ = {isa = PBXFileReference; fileEncoding = 4; lastKnownFileType = sourcecode.c.objc; name = SignUpViewController.m; path = "Login:Sign Up/SignUpViewController.m"; sourceTree = "<group>"; };
		E705AA0E18AE735600CFE7B6 /* CreatedViewController.h */ = {isa = PBXFileReference; fileEncoding = 4; lastKnownFileType = sourcecode.c.h; name = CreatedViewController.h; path = Navigation/CreatedViewController.h; sourceTree = "<group>"; };
		E705AA0F18AE735600CFE7B6 /* CreatedViewController.m */ = {isa = PBXFileReference; fileEncoding = 4; lastKnownFileType = sourcecode.c.objc; name = CreatedViewController.m; path = Navigation/CreatedViewController.m; sourceTree = "<group>"; };
		E705AA1018AE735600CFE7B6 /* CreateViewController.h */ = {isa = PBXFileReference; fileEncoding = 4; lastKnownFileType = sourcecode.c.h; name = CreateViewController.h; path = Navigation/CreateViewController.h; sourceTree = "<group>"; };
		E705AA1118AE735600CFE7B6 /* CreateViewController.m */ = {isa = PBXFileReference; fileEncoding = 4; lastKnownFileType = sourcecode.c.objc; name = CreateViewController.m; path = Navigation/CreateViewController.m; sourceTree = "<group>"; };
		E705AA1218AE735600CFE7B6 /* FindGameViewController.h */ = {isa = PBXFileReference; fileEncoding = 4; lastKnownFileType = sourcecode.c.h; name = FindGameViewController.h; path = Navigation/FindGameViewController.h; sourceTree = "<group>"; };
		E705AA1318AE735600CFE7B6 /* FindGameViewController.m */ = {isa = PBXFileReference; fileEncoding = 4; lastKnownFileType = sourcecode.c.objc; name = FindGameViewController.m; path = Navigation/FindGameViewController.m; sourceTree = "<group>"; };
		E705AA1418AE735600CFE7B6 /* GameDetailsViewController.h */ = {isa = PBXFileReference; fileEncoding = 4; lastKnownFileType = sourcecode.c.h; name = GameDetailsViewController.h; path = Navigation/GameDetailsViewController.h; sourceTree = "<group>"; };
		E705AA1518AE735600CFE7B6 /* GameDetailsViewController.m */ = {isa = PBXFileReference; fileEncoding = 4; lastKnownFileType = sourcecode.c.objc; name = GameDetailsViewController.m; path = Navigation/GameDetailsViewController.m; sourceTree = "<group>"; };
		E705AA1618AE735600CFE7B6 /* MainMenuViewController.h */ = {isa = PBXFileReference; fileEncoding = 4; lastKnownFileType = sourcecode.c.h; name = MainMenuViewController.h; path = Navigation/MainMenuViewController.h; sourceTree = "<group>"; };
		E705AA1718AE735600CFE7B6 /* MainMenuViewController.m */ = {isa = PBXFileReference; fileEncoding = 4; lastKnownFileType = sourcecode.c.objc; name = MainMenuViewController.m; path = Navigation/MainMenuViewController.m; sourceTree = "<group>"; };
		E705AA1D18AE739000CFE7B6 /* PublicLobbyViewController.h */ = {isa = PBXFileReference; fileEncoding = 4; lastKnownFileType = sourcecode.c.h; name = PublicLobbyViewController.h; path = "Public Game/PublicLobbyViewController.h"; sourceTree = "<group>"; };
		E705AA1E18AE739000CFE7B6 /* PublicLobbyViewController.m */ = {isa = PBXFileReference; fileEncoding = 4; lastKnownFileType = sourcecode.c.objc; name = PublicLobbyViewController.m; path = "Public Game/PublicLobbyViewController.m"; sourceTree = "<group>"; };
		E705AA1F18AE739000CFE7B6 /* PublicSurvivorViewController.h */ = {isa = PBXFileReference; fileEncoding = 4; lastKnownFileType = sourcecode.c.h; name = PublicSurvivorViewController.h; path = "Public Game/PublicSurvivorViewController.h"; sourceTree = "<group>"; };
		E705AA2018AE739000CFE7B6 /* PublicSurvivorViewController.m */ = {isa = PBXFileReference; fileEncoding = 4; lastKnownFileType = sourcecode.c.objc; name = PublicSurvivorViewController.m; path = "Public Game/PublicSurvivorViewController.m"; sourceTree = "<group>"; };
		E705AA2118AE739000CFE7B6 /* PublicZombieViewController.h */ = {isa = PBXFileReference; fileEncoding = 4; lastKnownFileType = sourcecode.c.h; name = PublicZombieViewController.h; path = "Public Game/PublicZombieViewController.h"; sourceTree = "<group>"; };
		E705AA2218AE739000CFE7B6 /* PublicZombieViewController.m */ = {isa = PBXFileReference; fileEncoding = 4; lastKnownFileType = sourcecode.c.objc; name = PublicZombieViewController.m; path = "Public Game/PublicZombieViewController.m"; sourceTree = "<group>"; };
		E705AA2618AE739900CFE7B6 /* PrivateLobbyViewController.h */ = {isa = PBXFileReference; fileEncoding = 4; lastKnownFileType = sourcecode.c.h; name = PrivateLobbyViewController.h; path = "Private Game/PrivateLobbyViewController.h"; sourceTree = "<group>"; };
		E705AA2718AE739900CFE7B6 /* PrivateLobbyViewController.m */ = {isa = PBXFileReference; fileEncoding = 4; lastKnownFileType = sourcecode.c.objc; name = PrivateLobbyViewController.m; path = "Private Game/PrivateLobbyViewController.m"; sourceTree = "<group>"; };
		E705AA2818AE739900CFE7B6 /* PrivateSurvivorViewController.h */ = {isa = PBXFileReference; fileEncoding = 4; lastKnownFileType = sourcecode.c.h; name = PrivateSurvivorViewController.h; path = "Private Game/PrivateSurvivorViewController.h"; sourceTree = "<group>"; };
		E705AA2918AE739900CFE7B6 /* PrivateSurvivorViewController.m */ = {isa = PBXFileReference; fileEncoding = 4; lastKnownFileType = sourcecode.c.objc; name = PrivateSurvivorViewController.m; path = "Private Game/PrivateSurvivorViewController.m"; sourceTree = "<group>"; };
		E705AA2A18AE739900CFE7B6 /* PrivateZombieViewController.h */ = {isa = PBXFileReference; fileEncoding = 4; lastKnownFileType = sourcecode.c.h; name = PrivateZombieViewController.h; path = "Private Game/PrivateZombieViewController.h"; sourceTree = "<group>"; };
		E705AA2B18AE739900CFE7B6 /* PrivateZombieViewController.m */ = {isa = PBXFileReference; fileEncoding = 4; lastKnownFileType = sourcecode.c.objc; name = PrivateZombieViewController.m; path = "Private Game/PrivateZombieViewController.m"; sourceTree = "<group>"; };
		E705AA2F18AE73C400CFE7B6 /* GameCell.h */ = {isa = PBXFileReference; fileEncoding = 4; lastKnownFileType = sourcecode.c.h; name = GameCell.h; path = "Custom Objects/GameCell.h"; sourceTree = "<group>"; };
		E705AA3018AE73C400CFE7B6 /* GameCell.m */ = {isa = PBXFileReference; fileEncoding = 4; lastKnownFileType = sourcecode.c.objc; name = GameCell.m; path = "Custom Objects/GameCell.m"; sourceTree = "<group>"; };
		E705AA3118AE73C400CFE7B6 /* UserAnnotations.h */ = {isa = PBXFileReference; fileEncoding = 4; lastKnownFileType = sourcecode.c.h; name = UserAnnotations.h; path = "Custom Objects/UserAnnotations.h"; sourceTree = "<group>"; };
		E705AA3218AE73C400CFE7B6 /* UserAnnotations.m */ = {isa = PBXFileReference; fileEncoding = 4; lastKnownFileType = sourcecode.c.objc; name = UserAnnotations.m; path = "Custom Objects/UserAnnotations.m"; sourceTree = "<group>"; };
		E705AA3318AE73C400CFE7B6 /* UserLobbyCell.h */ = {isa = PBXFileReference; fileEncoding = 4; lastKnownFileType = sourcecode.c.h; name = UserLobbyCell.h; path = "Custom Objects/UserLobbyCell.h"; sourceTree = "<group>"; };
		E705AA3418AE73C400CFE7B6 /* UserLobbyCell.m */ = {isa = PBXFileReference; fileEncoding = 4; lastKnownFileType = sourcecode.c.objc; name = UserLobbyCell.m; path = "Custom Objects/UserLobbyCell.m"; sourceTree = "<group>"; };
		E705AA3A18AE740200CFE7B6 /* FacebookSDK.framework */ = {isa = PBXFileReference; lastKnownFileType = wrapper.framework; name = FacebookSDK.framework; path = ZomBeacon/Frameworks/FacebookSDK.framework; sourceTree = "<group>"; };
		E705AA3C18AE741000CFE7B6 /* MBProgressHUD.h */ = {isa = PBXFileReference; fileEncoding = 4; lastKnownFileType = sourcecode.c.h; name = MBProgressHUD.h; path = Frameworks/MBProgressHUD.h; sourceTree = "<group>"; };
		E705AA3D18AE741000CFE7B6 /* MBProgressHUD.m */ = {isa = PBXFileReference; fileEncoding = 4; lastKnownFileType = sourcecode.c.objc; name = MBProgressHUD.m; path = Frameworks/MBProgressHUD.m; sourceTree = "<group>"; };
		E705AA3F18AE744500CFE7B6 /* main.m */ = {isa = PBXFileReference; fileEncoding = 4; lastKnownFileType = sourcecode.c.objc; name = main.m; path = "Supporting Files/main.m"; sourceTree = "<group>"; };
		E705AA4118AE744500CFE7B6 /* ZomBeacon-Info.plist */ = {isa = PBXFileReference; fileEncoding = 4; lastKnownFileType = text.plist.xml; name = "ZomBeacon-Info.plist"; path = "Supporting Files/ZomBeacon-Info.plist"; sourceTree = "<group>"; };
		E705AA4218AE744500CFE7B6 /* ZomBeacon-Prefix.pch */ = {isa = PBXFileReference; fileEncoding = 4; lastKnownFileType = sourcecode.c.h; name = "ZomBeacon-Prefix.pch"; path = "Supporting Files/ZomBeacon-Prefix.pch"; sourceTree = "<group>"; };
		E705AA4618AE74A100CFE7B6 /* ZomBeacon.app */ = {isa = PBXFileReference; explicitFileType = wrapper.application; includeInIndex = 0; path = ZomBeacon.app; sourceTree = BUILT_PRODUCTS_DIR; };
		E705C71B18BCDD1400CFA0CD /* ProximityKit.plist */ = {isa = PBXFileReference; fileEncoding = 4; lastKnownFileType = text.plist.xml; path = ProximityKit.plist; sourceTree = "<group>"; };
		E7496A68187DF40F003E4B8A /* MapKit.framework */ = {isa = PBXFileReference; lastKnownFileType = wrapper.framework; name = MapKit.framework; path = System/Library/Frameworks/MapKit.framework; sourceTree = SDKROOT; };
		E751E4841858BF15004E8874 /* Foundation.framework */ = {isa = PBXFileReference; lastKnownFileType = wrapper.framework; name = Foundation.framework; path = System/Library/Frameworks/Foundation.framework; sourceTree = SDKROOT; };
		E751E4861858BF15004E8874 /* CoreGraphics.framework */ = {isa = PBXFileReference; lastKnownFileType = wrapper.framework; name = CoreGraphics.framework; path = System/Library/Frameworks/CoreGraphics.framework; sourceTree = SDKROOT; };
		E751E4881858BF15004E8874 /* UIKit.framework */ = {isa = PBXFileReference; lastKnownFileType = wrapper.framework; name = UIKit.framework; path = System/Library/Frameworks/UIKit.framework; sourceTree = SDKROOT; };
		E751E48E1858BF15004E8874 /* en */ = {isa = PBXFileReference; lastKnownFileType = text.plist.strings; name = en; path = en.lproj/InfoPlist.strings; sourceTree = "<group>"; };
		E751E4931858BF15004E8874 /* AppDelegate.h */ = {isa = PBXFileReference; lastKnownFileType = sourcecode.c.h; path = AppDelegate.h; sourceTree = "<group>"; };
		E751E4941858BF15004E8874 /* AppDelegate.m */ = {isa = PBXFileReference; lastKnownFileType = sourcecode.c.objc; path = AppDelegate.m; sourceTree = "<group>"; };
		E751E4971858BF15004E8874 /* Base */ = {isa = PBXFileReference; lastKnownFileType = file.storyboard; name = Base; path = Base.lproj/Main.storyboard; sourceTree = "<group>"; };
		E751E4A31858BF15004E8874 /* XCTest.framework */ = {isa = PBXFileReference; lastKnownFileType = wrapper.framework; name = XCTest.framework; path = Library/Frameworks/XCTest.framework; sourceTree = DEVELOPER_DIR; };
		E76B2C1218BE82E700B5E45D /* splash_long.png */ = {isa = PBXFileReference; lastKnownFileType = image.png; name = splash_long.png; path = Images/splash_long.png; sourceTree = "<group>"; };
		E76B2C1418BE83F300B5E45D /* splash_short.png */ = {isa = PBXFileReference; lastKnownFileType = image.png; name = splash_short.png; path = Images/splash_short.png; sourceTree = "<group>"; };
		E7771BCD18B7DD560040EFCF /* 04B_19__.TTF */ = {isa = PBXFileReference; lastKnownFileType = file; name = 04B_19__.TTF; path = Fonts/04B_19__.TTF; sourceTree = "<group>"; };
		E77BFFB91858F735002871A6 /* CoreBluetooth.framework */ = {isa = PBXFileReference; lastKnownFileType = wrapper.framework; name = CoreBluetooth.framework; path = System/Library/Frameworks/CoreBluetooth.framework; sourceTree = SDKROOT; };
		E77BFFBB1858F73E002871A6 /* CoreLocation.framework */ = {isa = PBXFileReference; lastKnownFileType = wrapper.framework; name = CoreLocation.framework; path = System/Library/Frameworks/CoreLocation.framework; sourceTree = SDKROOT; };
		E78107D91860CB1300B19DB9 /* AudioToolbox.framework */ = {isa = PBXFileReference; lastKnownFileType = wrapper.framework; name = AudioToolbox.framework; path = System/Library/Frameworks/AudioToolbox.framework; sourceTree = SDKROOT; };
		E78107DB1860CB1800B19DB9 /* CFNetwork.framework */ = {isa = PBXFileReference; lastKnownFileType = wrapper.framework; name = CFNetwork.framework; path = System/Library/Frameworks/CFNetwork.framework; sourceTree = SDKROOT; };
		E78107DD1860CB3300B19DB9 /* libz.1.1.3.dylib */ = {isa = PBXFileReference; lastKnownFileType = "compiled.mach-o.dylib"; name = libz.1.1.3.dylib; path = usr/lib/libz.1.1.3.dylib; sourceTree = SDKROOT; };
		E78107DF1860CB3F00B19DB9 /* MobileCoreServices.framework */ = {isa = PBXFileReference; lastKnownFileType = wrapper.framework; name = MobileCoreServices.framework; path = System/Library/Frameworks/MobileCoreServices.framework; sourceTree = SDKROOT; };
		E78107E11860CB4500B19DB9 /* QuartzCore.framework */ = {isa = PBXFileReference; lastKnownFileType = wrapper.framework; name = QuartzCore.framework; path = System/Library/Frameworks/QuartzCore.framework; sourceTree = SDKROOT; };
		E78107E31860CB4E00B19DB9 /* Security.framework */ = {isa = PBXFileReference; lastKnownFileType = wrapper.framework; name = Security.framework; path = System/Library/Frameworks/Security.framework; sourceTree = SDKROOT; };
		E78107E71860CB6000B19DB9 /* SystemConfiguration.framework */ = {isa = PBXFileReference; lastKnownFileType = wrapper.framework; name = SystemConfiguration.framework; path = System/Library/Frameworks/SystemConfiguration.framework; sourceTree = SDKROOT; };
		E786A2A318C0E96800942576 /* TitilliumWeb-Regular.ttf */ = {isa = PBXFileReference; lastKnownFileType = file; path = "TitilliumWeb-Regular.ttf"; sourceTree = "<group>"; };
		E786A2A418C0E96800942576 /* TitilliumWeb-SemiBold.ttf */ = {isa = PBXFileReference; lastKnownFileType = file; path = "TitilliumWeb-SemiBold.ttf"; sourceTree = "<group>"; };
		E786A2B118C0EAF800942576 /* tape1@2x.png */ = {isa = PBXFileReference; lastKnownFileType = image.png; name = "tape1@2x.png"; path = "Images/tape1@2x.png"; sourceTree = "<group>"; };
		E786A2B318C0EEA600942576 /* bg@2x.png */ = {isa = PBXFileReference; lastKnownFileType = image.png; name = "bg@2x.png"; path = "Images/bg@2x.png"; sourceTree = "<group>"; };
		E786A2B518C0F19800942576 /* login_button@2x.png */ = {isa = PBXFileReference; lastKnownFileType = image.png; name = "login_button@2x.png"; path = "Images/login_button@2x.png"; sourceTree = "<group>"; };
		E786A2B718C0F36E00942576 /* login_twitter@2x.png */ = {isa = PBXFileReference; lastKnownFileType = image.png; name = "login_twitter@2x.png"; path = "Images/login_twitter@2x.png"; sourceTree = "<group>"; };
		E786A2B918C0F6C000942576 /* publicgame_button@2x.png */ = {isa = PBXFileReference; lastKnownFileType = image.png; name = "publicgame_button@2x.png"; path = "Images/publicgame_button@2x.png"; sourceTree = "<group>"; };
		E786A2BB18C0F74F00942576 /* creategame_button@2x.png */ = {isa = PBXFileReference; lastKnownFileType = image.png; name = "creategame_button@2x.png"; path = "Images/creategame_button@2x.png"; sourceTree = "<group>"; };
		E786A2BD18C0F79E00942576 /* findgame_button@2x.png */ = {isa = PBXFileReference; lastKnownFileType = image.png; name = "findgame_button@2x.png"; path = "Images/findgame_button@2x.png"; sourceTree = "<group>"; };
		E786A2BF18C0F7D900942576 /* bg_mainmenu@2x.png */ = {isa = PBXFileReference; lastKnownFileType = image.png; name = "bg_mainmenu@2x.png"; path = "Images/bg_mainmenu@2x.png"; sourceTree = "<group>"; };
		E786A2C318C0FB4B00942576 /* findgame_button2@2x.png */ = {isa = PBXFileReference; lastKnownFileType = image.png; name = "findgame_button2@2x.png"; path = "Images/findgame_button2@2x.png"; sourceTree = "<group>"; };
		E786A2C518C0FE2400942576 /* signmeup_button@2x.png */ = {isa = PBXFileReference; lastKnownFileType = image.png; name = "signmeup_button@2x.png"; path = "Images/signmeup_button@2x.png"; sourceTree = "<group>"; };
		E786A2C718C1014000942576 /* reset_button@2x.png */ = {isa = PBXFileReference; lastKnownFileType = image.png; name = "reset_button@2x.png"; path = "Images/reset_button@2x.png"; sourceTree = "<group>"; };
		E786A2C918C104F200942576 /* creategame_button2@2x.png */ = {isa = PBXFileReference; lastKnownFileType = image.png; name = "creategame_button2@2x.png"; path = "Images/creategame_button2@2x.png"; sourceTree = "<group>"; };
		E786A2CB18C1091400942576 /* bg2@2x.png */ = {isa = PBXFileReference; lastKnownFileType = image.png; name = "bg2@2x.png"; path = "Images/bg2@2x.png"; sourceTree = "<group>"; };
		E786A2CD18C10B3600942576 /* joingame_button@2x.png */ = {isa = PBXFileReference; lastKnownFileType = image.png; name = "joingame_button@2x.png"; path = "Images/joingame_button@2x.png"; sourceTree = "<group>"; };
		E786A2CF18C10EEE00942576 /* home_button@2x.png */ = {isa = PBXFileReference; lastKnownFileType = image.png; name = "home_button@2x.png"; path = "Images/home_button@2x.png"; sourceTree = "<group>"; };
		E786A2D118C1125600942576 /* bg3@2x.png */ = {isa = PBXFileReference; lastKnownFileType = image.png; name = "bg3@2x.png"; path = "Images/bg3@2x.png"; sourceTree = "<group>"; };
		E786A2D318C112C400942576 /* savechanges_button@2x.png */ = {isa = PBXFileReference; lastKnownFileType = image.png; name = "savechanges_button@2x.png"; path = "Images/savechanges_button@2x.png"; sourceTree = "<group>"; };
		E786A2D518C11B0F00942576 /* bg4@2x.png */ = {isa = PBXFileReference; lastKnownFileType = image.png; name = "bg4@2x.png"; path = "Images/bg4@2x.png"; sourceTree = "<group>"; };
		E786A2D718C11CC400942576 /* assignteams_button@2x.png */ = {isa = PBXFileReference; lastKnownFileType = image.png; name = "assignteams_button@2x.png"; path = "Images/assignteams_button@2x.png"; sourceTree = "<group>"; };
		E786A2D918C11CCC00942576 /* startgame_button@2x.png */ = {isa = PBXFileReference; lastKnownFileType = image.png; name = "startgame_button@2x.png"; path = "Images/startgame_button@2x.png"; sourceTree = "<group>"; };
		E7AB10CC18C4D59600A54850 /* refresh@2x.png */ = {isa = PBXFileReference; lastKnownFileType = image.png; name = "refresh@2x.png"; path = "Images/refresh@2x.png"; sourceTree = "<group>"; };
		E7AB10CE18C4D59C00A54850 /* sms.png */ = {isa = PBXFileReference; lastKnownFileType = image.png; name = sms.png; path = Images/sms.png; sourceTree = "<group>"; };
		E7AB10CF18C4D59C00A54850 /* sms@2x.png */ = {isa = PBXFileReference; lastKnownFileType = image.png; name = "sms@2x.png"; path = "Images/sms@2x.png"; sourceTree = "<group>"; };
		E7AB10D218C4E45300A54850 /* bg_green.png */ = {isa = PBXFileReference; lastKnownFileType = image.png; name = bg_green.png; path = Images/bg_green.png; sourceTree = "<group>"; };
		E7AB10DC18C4F08D00A54850 /* map_overlay_green.png */ = {isa = PBXFileReference; lastKnownFileType = image.png; name = map_overlay_green.png; path = Images/map_overlay_green.png; sourceTree = "<group>"; };
		E7AB10DE18C4F1F100A54850 /* map_overlay_yellow.png */ = {isa = PBXFileReference; lastKnownFileType = image.png; name = map_overlay_yellow.png; path = Images/map_overlay_yellow.png; sourceTree = "<group>"; };
		E7AB10E018C4F59F00A54850 /* bite_button@2x.png */ = {isa = PBXFileReference; lastKnownFileType = image.png; name = "bite_button@2x.png"; path = "Images/bite_button@2x.png"; sourceTree = "<group>"; };
		E7AB10E218C4F61B00A54850 /* headshot_button@2x.png */ = {isa = PBXFileReference; lastKnownFileType = image.png; name = "headshot_button@2x.png"; path = "Images/headshot_button@2x.png"; sourceTree = "<group>"; };
		E7C8653818B6594F00D80BD1 /* EditProfileViewController.h */ = {isa = PBXFileReference; fileEncoding = 4; lastKnownFileType = sourcecode.c.h; name = EditProfileViewController.h; path = Profiles/EditProfileViewController.h; sourceTree = "<group>"; };
		E7C8653918B6594F00D80BD1 /* EditProfileViewController.m */ = {isa = PBXFileReference; fileEncoding = 4; lastKnownFileType = sourcecode.c.objc; name = EditProfileViewController.m; path = Profiles/EditProfileViewController.m; sourceTree = "<group>"; };
		E7C8653A18B6594F00D80BD1 /* FriendProfileViewController.h */ = {isa = PBXFileReference; fileEncoding = 4; lastKnownFileType = sourcecode.c.h; name = FriendProfileViewController.h; path = Profiles/FriendProfileViewController.h; sourceTree = "<group>"; };
		E7C8653B18B6594F00D80BD1 /* FriendProfileViewController.m */ = {isa = PBXFileReference; fileEncoding = 4; lastKnownFileType = sourcecode.c.objc; name = FriendProfileViewController.m; path = Profiles/FriendProfileViewController.m; sourceTree = "<group>"; };
		E7C8653C18B6594F00D80BD1 /* ProfileViewController.h */ = {isa = PBXFileReference; fileEncoding = 4; lastKnownFileType = sourcecode.c.h; name = ProfileViewController.h; path = Profiles/ProfileViewController.h; sourceTree = "<group>"; };
		E7C8653D18B6594F00D80BD1 /* ProfileViewController.m */ = {isa = PBXFileReference; fileEncoding = 4; lastKnownFileType = sourcecode.c.objc; name = ProfileViewController.m; path = Profiles/ProfileViewController.m; sourceTree = "<group>"; };
		E7C8654118B659DC00D80BD1 /* Pods.xcconfig */ = {isa = PBXFileReference; fileEncoding = 4; lastKnownFileType = text.xcconfig; path = Pods.xcconfig; sourceTree = "<group>"; };
		E7EBC23218B66007005D8AA6 /* ProximityKit.framework */ = {isa = PBXFileReference; lastKnownFileType = wrapper.framework; name = ProximityKit.framework; path = ZomBeacon/Frameworks/ProximityKit.framework; sourceTree = "<group>"; };
		E7EFF88918A12CF400DEE521 /* GameKit.framework */ = {isa = PBXFileReference; lastKnownFileType = wrapper.framework; name = GameKit.framework; path = System/Library/Frameworks/GameKit.framework; sourceTree = SDKROOT; };
		E7EFF89718A136E900DEE521 /* Social.framework */ = {isa = PBXFileReference; lastKnownFileType = wrapper.framework; name = Social.framework; path = System/Library/Frameworks/Social.framework; sourceTree = SDKROOT; };
		E7F9C0AB18C12B240023D10F /* logout_button@2x.png */ = {isa = PBXFileReference; lastKnownFileType = image.png; name = "logout_button@2x.png"; path = "Images/logout_button@2x.png"; sourceTree = "<group>"; };
		E7F9C0AD18C194DE0023D10F /* BluetoothViewController.h */ = {isa = PBXFileReference; fileEncoding = 4; lastKnownFileType = sourcecode.c.h; name = BluetoothViewController.h; path = "Login:Sign Up/BluetoothViewController.h"; sourceTree = "<group>"; };
		E7F9C0AE18C194DE0023D10F /* BluetoothViewController.m */ = {isa = PBXFileReference; fileEncoding = 4; lastKnownFileType = sourcecode.c.objc; name = BluetoothViewController.m; path = "Login:Sign Up/BluetoothViewController.m"; sourceTree = "<group>"; };
/* End PBXFileReference section */

/* Begin PBXFrameworksBuildPhase section */
		E751E47E1858BF15004E8874 /* Frameworks */ = {
			isa = PBXFrameworksBuildPhase;
			buildActionMask = 2147483647;
			files = (
				E7EFF89818A136E900DEE521 /* Social.framework in Frameworks */,
				E7496A69187DF40F003E4B8A /* MapKit.framework in Frameworks */,
				E78107E81860CB6000B19DB9 /* SystemConfiguration.framework in Frameworks */,
				E78107E41860CB4E00B19DB9 /* Security.framework in Frameworks */,
				E78107E21860CB4500B19DB9 /* QuartzCore.framework in Frameworks */,
				E78107E01860CB3F00B19DB9 /* MobileCoreServices.framework in Frameworks */,
				E7EBC23318B66007005D8AA6 /* ProximityKit.framework in Frameworks */,
				E78107DE1860CB3300B19DB9 /* libz.1.1.3.dylib in Frameworks */,
				E705AA3B18AE740200CFE7B6 /* FacebookSDK.framework in Frameworks */,
				E78107DC1860CB1800B19DB9 /* CFNetwork.framework in Frameworks */,
				E78107DA1860CB1300B19DB9 /* AudioToolbox.framework in Frameworks */,
				E7EFF88A18A12CF400DEE521 /* GameKit.framework in Frameworks */,
				CD53842118B7142100780EE6 /* Parse.framework in Frameworks */,
				E77BFFBC1858F73E002871A6 /* CoreLocation.framework in Frameworks */,
				E77BFFBA1858F735002871A6 /* CoreBluetooth.framework in Frameworks */,
				E751E4871858BF15004E8874 /* CoreGraphics.framework in Frameworks */,
				E751E4891858BF15004E8874 /* UIKit.framework in Frameworks */,
				E751E4851858BF15004E8874 /* Foundation.framework in Frameworks */,
			);
			runOnlyForDeploymentPostprocessing = 0;
		};
/* End PBXFrameworksBuildPhase section */

/* Begin PBXGroup section */
		E7446985185B81E9007F6817 /* Images */ = {
			isa = PBXGroup;
			children = (
				CDB2533F18C6607100F49FC3 /* addasfriend_button@2x.png */,
				CDB2533D18C6538000F49FC3 /* friends_button@2x.png */,
				CDB2533B18C6533E00F49FC3 /* gamecenter_button@2x.png */,
				E703935C18C517CF005B0E84 /* share_facebook@2x.png */,
				E703935A18C5177C005B0E84 /* share_email@2x.png */,
				E703935818C51724005B0E84 /* share_twitter@2x.png */,
				E7AB10E218C4F61B00A54850 /* headshot_button@2x.png */,
				E7AB10E018C4F59F00A54850 /* bite_button@2x.png */,
				E7AB10DE18C4F1F100A54850 /* map_overlay_yellow.png */,
				E7AB10DC18C4F08D00A54850 /* map_overlay_green.png */,
				E7AB10D218C4E45300A54850 /* bg_green.png */,
				E7F9C0AB18C12B240023D10F /* logout_button@2x.png */,
				E786A2D918C11CCC00942576 /* startgame_button@2x.png */,
				E786A2D718C11CC400942576 /* assignteams_button@2x.png */,
				E786A2D518C11B0F00942576 /* bg4@2x.png */,
				E786A2D318C112C400942576 /* savechanges_button@2x.png */,
				E786A2CF18C10EEE00942576 /* home_button@2x.png */,
				E786A2CD18C10B3600942576 /* joingame_button@2x.png */,
				E786A2D118C1125600942576 /* bg3@2x.png */,
				E786A2CB18C1091400942576 /* bg2@2x.png */,
				E786A2C918C104F200942576 /* creategame_button2@2x.png */,
				E786A2C718C1014000942576 /* reset_button@2x.png */,
				E786A2C518C0FE2400942576 /* signmeup_button@2x.png */,
				E786A2C318C0FB4B00942576 /* findgame_button2@2x.png */,
				E786A2BF18C0F7D900942576 /* bg_mainmenu@2x.png */,
				E786A2BD18C0F79E00942576 /* findgame_button@2x.png */,
				E786A2BB18C0F74F00942576 /* creategame_button@2x.png */,
				E786A2B918C0F6C000942576 /* publicgame_button@2x.png */,
				E786A2B718C0F36E00942576 /* login_twitter@2x.png */,
				E705A9D718AE728700CFE7B6 /* login_facebook@2x.png */,
				E786A2B518C0F19800942576 /* login_button@2x.png */,
				E7AB10CC18C4D59600A54850 /* refresh@2x.png */,
				E786A2B318C0EEA600942576 /* bg@2x.png */,
				E786A2B118C0EAF800942576 /* tape1@2x.png */,
				CDD32BD218C57778005CA4E0 /* tape@2x.png */,
				E76B2C1218BE82E700B5E45D /* splash_long.png */,
				E76B2C1418BE83F300B5E45D /* splash_short.png */,
				E705A9CA18AE728700CFE7B6 /* app_icon.png */,
				E705A9CD18AE728700CFE7B6 /* blue.png */,
				E705A9CE18AE728700CFE7B6 /* blue@2x.png */,
				E7AB10CE18C4D59C00A54850 /* sms.png */,
				E7AB10CF18C4D59C00A54850 /* sms@2x.png */,
				E705A9CF18AE728700CFE7B6 /* compass.png */,
				E705A9D018AE728700CFE7B6 /* compass@2x.png */,
				E705A9D118AE728700CFE7B6 /* Default-568h@2x.png */,
				E705A9D218AE728700CFE7B6 /* dotImage@2x.png */,
				E705A9D818AE728700CFE7B6 /* hole.png */,
				E705A9D918AE728700CFE7B6 /* locate.png */,
				E705A9DA18AE728700CFE7B6 /* locate@2x.png */,
				E705A9DB18AE728700CFE7B6 /* profile.png */,
				E705A9DC18AE728700CFE7B6 /* profile@2x.png */,
				E705A9DD18AE728700CFE7B6 /* red.png */,
				E705A9DE18AE728700CFE7B6 /* red@2x.png */,
				E705A9E218AE728700CFE7B6 /* user.png */,
			);
			name = Images;
			sourceTree = "<group>";
		};
		E748A62318A02C3F007D5C35 /* Custom Objects */ = {
			isa = PBXGroup;
			children = (
				E705AA2F18AE73C400CFE7B6 /* GameCell.h */,
				E705AA3018AE73C400CFE7B6 /* GameCell.m */,
				E705AA3118AE73C400CFE7B6 /* UserAnnotations.h */,
				E705AA3218AE73C400CFE7B6 /* UserAnnotations.m */,
				E705AA3318AE73C400CFE7B6 /* UserLobbyCell.h */,
				E705AA3418AE73C400CFE7B6 /* UserLobbyCell.m */,
			);
			name = "Custom Objects";
			sourceTree = "<group>";
		};
		E74E2D0C18898FCA0080D5A3 /* MBProgressHUD */ = {
			isa = PBXGroup;
			children = (
				E705AA3C18AE741000CFE7B6 /* MBProgressHUD.h */,
				E705AA3D18AE741000CFE7B6 /* MBProgressHUD.m */,
			);
			name = MBProgressHUD;
			sourceTree = "<group>";
		};
		E751E4781858BF15004E8874 = {
			isa = PBXGroup;
			children = (
				E751E48A1858BF15004E8874 /* ZomBeacon */,
			);
			sourceTree = "<group>";
		};
		E751E4831858BF15004E8874 /* Frameworks */ = {
			isa = PBXGroup;
			children = (
				CD53842018B7142100780EE6 /* Parse.framework */,
				E7EBC23218B66007005D8AA6 /* ProximityKit.framework */,
				E705AA3A18AE740200CFE7B6 /* FacebookSDK.framework */,
				E7EFF89718A136E900DEE521 /* Social.framework */,
				E7EFF88918A12CF400DEE521 /* GameKit.framework */,
				E7496A68187DF40F003E4B8A /* MapKit.framework */,
				E78107E71860CB6000B19DB9 /* SystemConfiguration.framework */,
				E78107E31860CB4E00B19DB9 /* Security.framework */,
				E78107E11860CB4500B19DB9 /* QuartzCore.framework */,
				E78107DF1860CB3F00B19DB9 /* MobileCoreServices.framework */,
				E78107DB1860CB1800B19DB9 /* CFNetwork.framework */,
				E78107D91860CB1300B19DB9 /* AudioToolbox.framework */,
				E77BFFBB1858F73E002871A6 /* CoreLocation.framework */,
				E77BFFB91858F735002871A6 /* CoreBluetooth.framework */,
				E751E4841858BF15004E8874 /* Foundation.framework */,
				E751E4861858BF15004E8874 /* CoreGraphics.framework */,
				E751E4881858BF15004E8874 /* UIKit.framework */,
				E751E4A31858BF15004E8874 /* XCTest.framework */,
				E78107DD1860CB3300B19DB9 /* libz.1.1.3.dylib */,
			);
			name = Frameworks;
			path = ..;
			sourceTree = "<group>";
		};
		E751E48A1858BF15004E8874 /* ZomBeacon */ = {
			isa = PBXGroup;
			children = (
				E751E4931858BF15004E8874 /* AppDelegate.h */,
				E751E4941858BF15004E8874 /* AppDelegate.m */,
				E751E4961858BF15004E8874 /* Main.storyboard */,
				E7F7999D18A57701007C1477 /* Login/Sign Up */,
				E7F7999E18A57714007C1477 /* Profiles */,
				E7F7999F18A5772A007C1477 /* Navigation */,
				E7F7999B18A576BF007C1477 /* Public Game */,
				E7F7999C18A576C9007C1477 /* Private Game */,
				E748A62318A02C3F007D5C35 /* Custom Objects */,
				E751E48B1858BF15004E8874 /* Supporting Files */,
				E751E4831858BF15004E8874 /* Frameworks */,
			);
			path = ZomBeacon;
			sourceTree = "<group>";
		};
		E751E48B1858BF15004E8874 /* Supporting Files */ = {
			isa = PBXGroup;
			children = (
				E7D596A518B7CC4100E8844E /* Fonts */,
				E7446985185B81E9007F6817 /* Images */,
				E74E2D0C18898FCA0080D5A3 /* MBProgressHUD */,
				E705AA3F18AE744500CFE7B6 /* main.m */,
				E705C71B18BCDD1400CFA0CD /* ProximityKit.plist */,
				E705AA4118AE744500CFE7B6 /* ZomBeacon-Info.plist */,
				E705AA4218AE744500CFE7B6 /* ZomBeacon-Prefix.pch */,
				E751E48D1858BF15004E8874 /* InfoPlist.strings */,
				E7C8654118B659DC00D80BD1 /* Pods.xcconfig */,
				E705AA4618AE74A100CFE7B6 /* ZomBeacon.app */,
			);
			name = "Supporting Files";
			sourceTree = "<group>";
		};
		E7D596A518B7CC4100E8844E /* Fonts */ = {
			isa = PBXGroup;
			children = (
				E786A2A318C0E96800942576 /* TitilliumWeb-Regular.ttf */,
				E786A2A418C0E96800942576 /* TitilliumWeb-SemiBold.ttf */,
				E7771BCD18B7DD560040EFCF /* 04B_19__.TTF */,
			);
			name = Fonts;
			sourceTree = "<group>";
		};
		E7F7999B18A576BF007C1477 /* Public Game */ = {
			isa = PBXGroup;
			children = (
				E705AA1D18AE739000CFE7B6 /* PublicLobbyViewController.h */,
				E705AA1E18AE739000CFE7B6 /* PublicLobbyViewController.m */,
				E705AA1F18AE739000CFE7B6 /* PublicSurvivorViewController.h */,
				E705AA2018AE739000CFE7B6 /* PublicSurvivorViewController.m */,
				E705AA2118AE739000CFE7B6 /* PublicZombieViewController.h */,
				E705AA2218AE739000CFE7B6 /* PublicZombieViewController.m */,
			);
			name = "Public Game";
			sourceTree = "<group>";
		};
		E7F7999C18A576C9007C1477 /* Private Game */ = {
			isa = PBXGroup;
			children = (
				E705AA2618AE739900CFE7B6 /* PrivateLobbyViewController.h */,
				E705AA2718AE739900CFE7B6 /* PrivateLobbyViewController.m */,
				E705AA2818AE739900CFE7B6 /* PrivateSurvivorViewController.h */,
				E705AA2918AE739900CFE7B6 /* PrivateSurvivorViewController.m */,
				E705AA2A18AE739900CFE7B6 /* PrivateZombieViewController.h */,
				E705AA2B18AE739900CFE7B6 /* PrivateZombieViewController.m */,
			);
			name = "Private Game";
			sourceTree = "<group>";
		};
		E7F7999D18A57701007C1477 /* Login/Sign Up */ = {
			isa = PBXGroup;
			children = (
				E705A9FC18AE72DA00CFE7B6 /* LoginViewController.h */,
				E705A9FD18AE72DA00CFE7B6 /* LoginViewController.m */,
				E705A9FE18AE72DA00CFE7B6 /* PasswordResetViewController.h */,
				E705A9FF18AE72DA00CFE7B6 /* PasswordResetViewController.m */,
				E705AA0018AE72DA00CFE7B6 /* SignUpViewController.h */,
				E705AA0118AE72DA00CFE7B6 /* SignUpViewController.m */,
				E7F9C0AD18C194DE0023D10F /* BluetoothViewController.h */,
				E7F9C0AE18C194DE0023D10F /* BluetoothViewController.m */,
			);
			name = "Login/Sign Up";
			sourceTree = "<group>";
		};
		E7F7999E18A57714007C1477 /* Profiles */ = {
			isa = PBXGroup;
			children = (
				E7C8653C18B6594F00D80BD1 /* ProfileViewController.h */,
				E7C8653D18B6594F00D80BD1 /* ProfileViewController.m */,
				CDB2533818C633B800F49FC3 /* MyFriendsViewController.h */,
				CDB2533918C633B800F49FC3 /* MyFriendsViewController.m */,
				E7C8653818B6594F00D80BD1 /* EditProfileViewController.h */,
				E7C8653918B6594F00D80BD1 /* EditProfileViewController.m */,
				E7C8653A18B6594F00D80BD1 /* FriendProfileViewController.h */,
				E7C8653B18B6594F00D80BD1 /* FriendProfileViewController.m */,
			);
			name = Profiles;
			sourceTree = "<group>";
		};
		E7F7999F18A5772A007C1477 /* Navigation */ = {
			isa = PBXGroup;
			children = (
				E70028BF18BBE4AA00036E1B /* PublicDeadViewController.h */,
				E70028C018BBE4AA00036E1B /* PublicDeadViewController.m */,
				E70028C218BBF3F100036E1B /* PrivateDeadViewController.h */,
				E70028C318BBF3F100036E1B /* PrivateDeadViewController.m */,
				E705AA1018AE735600CFE7B6 /* CreateViewController.h */,
				E705AA1118AE735600CFE7B6 /* CreateViewController.m */,
				E705AA0E18AE735600CFE7B6 /* CreatedViewController.h */,
				E705AA0F18AE735600CFE7B6 /* CreatedViewController.m */,
				E705AA1218AE735600CFE7B6 /* FindGameViewController.h */,
				E705AA1318AE735600CFE7B6 /* FindGameViewController.m */,
				E705AA1418AE735600CFE7B6 /* GameDetailsViewController.h */,
				E705AA1518AE735600CFE7B6 /* GameDetailsViewController.m */,
				E705AA1618AE735600CFE7B6 /* MainMenuViewController.h */,
				E705AA1718AE735600CFE7B6 /* MainMenuViewController.m */,
			);
			name = Navigation;
			sourceTree = "<group>";
		};
/* End PBXGroup section */

/* Begin PBXNativeTarget section */
		E751E4801858BF15004E8874 /* ZomBeacon */ = {
			isa = PBXNativeTarget;
			buildConfigurationList = E751E4B31858BF16004E8874 /* Build configuration list for PBXNativeTarget "ZomBeacon" */;
			buildPhases = (
				E751E47D1858BF15004E8874 /* Sources */,
				E751E47E1858BF15004E8874 /* Frameworks */,
				E751E47F1858BF15004E8874 /* Resources */,
			);
			buildRules = (
			);
			dependencies = (
			);
			name = ZomBeacon;
			productName = ZomBeacon;
			productReference = E705AA4618AE74A100CFE7B6 /* ZomBeacon.app */;
			productType = "com.apple.product-type.application";
		};
/* End PBXNativeTarget section */

/* Begin PBXProject section */
		E751E4791858BF15004E8874 /* Project object */ = {
			isa = PBXProject;
			attributes = {
				LastUpgradeCheck = 0500;
				ORGANIZATIONNAME = "Patrick Adams";
				TargetAttributes = {
					E751E4801858BF15004E8874 = {
						DevelopmentTeam = AC42E7V2PV;
						SystemCapabilities = {
							com.apple.BackgroundModes = {
								enabled = 1;
							};
							com.apple.GameCenter = {
								enabled = 1;
							};
							com.apple.InAppPurchase = {
								enabled = 0;
							};
							com.apple.iOS = {
								enabled = 1;
							};
						};
					};
				};
			};
			buildConfigurationList = E751E47C1858BF15004E8874 /* Build configuration list for PBXProject "ZomBeacon" */;
			compatibilityVersion = "Xcode 3.2";
			developmentRegion = English;
			hasScannedForEncodings = 0;
			knownRegions = (
				en,
				Base,
			);
			mainGroup = E751E4781858BF15004E8874;
			productRefGroup = E751E4781858BF15004E8874;
			projectDirPath = "";
			projectRoot = "";
			targets = (
				E751E4801858BF15004E8874 /* ZomBeacon */,
			);
		};
/* End PBXProject section */

/* Begin PBXResourcesBuildPhase section */
		E751E47F1858BF15004E8874 /* Resources */ = {
			isa = PBXResourcesBuildPhase;
			buildActionMask = 2147483647;
			files = (
				E705A9E718AE728700CFE7B6 /* blue@2x.png in Resources */,
				E786A2CC18C1091400942576 /* bg2@2x.png in Resources */,
				E705A9F618AE728700CFE7B6 /* red.png in Resources */,
				CDB2533E18C6538000F49FC3 /* friends_button@2x.png in Resources */,
				E786A2D618C11B0F00942576 /* bg4@2x.png in Resources */,
				E786A2DA18C11CCC00942576 /* startgame_button@2x.png in Resources */,
				CDB2534018C6607100F49FC3 /* addasfriend_button@2x.png in Resources */,
				E7AB10E118C4F59F00A54850 /* bite_button@2x.png in Resources */,
				E705C71C18BCDD1400CFA0CD /* ProximityKit.plist in Resources */,
				E7F9C0AC18C12B240023D10F /* logout_button@2x.png in Resources */,
				E786A2B618C0F19800942576 /* login_button@2x.png in Resources */,
				E705A9EA18AE728700CFE7B6 /* Default-568h@2x.png in Resources */,
				E786A2BC18C0F74F00942576 /* creategame_button@2x.png in Resources */,
				E7771BCE18B7DD560040EFCF /* 04B_19__.TTF in Resources */,
				E786A2B218C0EAF800942576 /* tape1@2x.png in Resources */,
				E786A2B818C0F36E00942576 /* login_twitter@2x.png in Resources */,
				E7AB10D118C4D59C00A54850 /* sms@2x.png in Resources */,
				E786A2C418C0FB4B00942576 /* findgame_button2@2x.png in Resources */,
				E705A9F218AE728700CFE7B6 /* locate.png in Resources */,
				E786A2C018C0F7D900942576 /* bg_mainmenu@2x.png in Resources */,
				E705A9EB18AE728700CFE7B6 /* dotImage@2x.png in Resources */,
				E705A9E318AE728700CFE7B6 /* app_icon.png in Resources */,
				E786A2D818C11CC400942576 /* assignteams_button@2x.png in Resources */,
				E705A9F718AE728700CFE7B6 /* red@2x.png in Resources */,
				E751E48F1858BF15004E8874 /* InfoPlist.strings in Resources */,
				E705A9F118AE728700CFE7B6 /* hole.png in Resources */,
				E786A2CE18C10B3600942576 /* joingame_button@2x.png in Resources */,
				E705A9F418AE728700CFE7B6 /* profile.png in Resources */,
				E786A2D218C1125600942576 /* bg3@2x.png in Resources */,
				E703935D18C517CF005B0E84 /* share_facebook@2x.png in Resources */,
				E7AB10CD18C4D59600A54850 /* refresh@2x.png in Resources */,
				E705A9FB18AE728700CFE7B6 /* user.png in Resources */,
				E786A2C618C0FE2400942576 /* signmeup_button@2x.png in Resources */,
				E786A2AF18C0E96800942576 /* TitilliumWeb-SemiBold.ttf in Resources */,
				E705A9F018AE728700CFE7B6 /* login_facebook@2x.png in Resources */,
				E7AB10E318C4F61B00A54850 /* headshot_button@2x.png in Resources */,
				E786A2D418C112C400942576 /* savechanges_button@2x.png in Resources */,
				E7AB10D318C4E45300A54850 /* bg_green.png in Resources */,
				E786A2D018C10EEE00942576 /* home_button@2x.png in Resources */,
				CDB2533C18C6533E00F49FC3 /* gamecenter_button@2x.png in Resources */,
				E705A9F318AE728700CFE7B6 /* locate@2x.png in Resources */,
				E705A9F518AE728700CFE7B6 /* profile@2x.png in Resources */,
				E703935B18C5177C005B0E84 /* share_email@2x.png in Resources */,
				E703935918C51724005B0E84 /* share_twitter@2x.png in Resources */,
				E786A2BA18C0F6C000942576 /* publicgame_button@2x.png in Resources */,
				E786A2B418C0EEA600942576 /* bg@2x.png in Resources */,
				E786A2AE18C0E96800942576 /* TitilliumWeb-Regular.ttf in Resources */,
				E7AB10DD18C4F08D00A54850 /* map_overlay_green.png in Resources */,
				E751E4981858BF15004E8874 /* Main.storyboard in Resources */,
				E705A9E618AE728700CFE7B6 /* blue.png in Resources */,
				E786A2BE18C0F79E00942576 /* findgame_button@2x.png in Resources */,
				E705A9E818AE728700CFE7B6 /* compass.png in Resources */,
				E7AB10D018C4D59C00A54850 /* sms.png in Resources */,
				E76B2C1318BE82E700B5E45D /* splash_long.png in Resources */,
				CDD32BD318C57778005CA4E0 /* tape@2x.png in Resources */,
				E76B2C1518BE83F300B5E45D /* splash_short.png in Resources */,
				E786A2CA18C104F200942576 /* creategame_button2@2x.png in Resources */,
				E7AB10DF18C4F1F100A54850 /* map_overlay_yellow.png in Resources */,
				E786A2C818C1014000942576 /* reset_button@2x.png in Resources */,
				E705A9E918AE728700CFE7B6 /* compass@2x.png in Resources */,
			);
			runOnlyForDeploymentPostprocessing = 0;
		};
/* End PBXResourcesBuildPhase section */

/* Begin PBXSourcesBuildPhase section */
		E751E47D1858BF15004E8874 /* Sources */ = {
			isa = PBXSourcesBuildPhase;
			buildActionMask = 2147483647;
			files = (
				CDB2533A18C633B800F49FC3 /* MyFriendsViewController.m in Sources */,
				E705AA1818AE735600CFE7B6 /* CreatedViewController.m in Sources */,
				E70028C418BBF3F100036E1B /* PrivateDeadViewController.m in Sources */,
				E705AA3E18AE741000CFE7B6 /* MBProgressHUD.m in Sources */,
				E7C8653E18B6594F00D80BD1 /* EditProfileViewController.m in Sources */,
				E705AA2518AE739000CFE7B6 /* PublicZombieViewController.m in Sources */,
				E705AA2D18AE739900CFE7B6 /* PrivateSurvivorViewController.m in Sources */,
				E705AA2418AE739000CFE7B6 /* PublicSurvivorViewController.m in Sources */,
				E7F9C0AF18C194DE0023D10F /* BluetoothViewController.m in Sources */,
				E751E4951858BF15004E8874 /* AppDelegate.m in Sources */,
				E7C8654018B6594F00D80BD1 /* ProfileViewController.m in Sources */,
				E705AA0218AE72DA00CFE7B6 /* LoginViewController.m in Sources */,
				E705AA2318AE739000CFE7B6 /* PublicLobbyViewController.m in Sources */,
				E705AA1918AE735600CFE7B6 /* CreateViewController.m in Sources */,
				E705AA3718AE73C400CFE7B6 /* UserLobbyCell.m in Sources */,
				E70028C118BBE4AA00036E1B /* PublicDeadViewController.m in Sources */,
				E705AA1C18AE735600CFE7B6 /* MainMenuViewController.m in Sources */,
				E705AA2E18AE739900CFE7B6 /* PrivateZombieViewController.m in Sources */,
				E705AA0318AE72DA00CFE7B6 /* PasswordResetViewController.m in Sources */,
				E705AA3618AE73C400CFE7B6 /* UserAnnotations.m in Sources */,
				E705AA0418AE72DA00CFE7B6 /* SignUpViewController.m in Sources */,
				E705AA1A18AE735600CFE7B6 /* FindGameViewController.m in Sources */,
				E705AA3518AE73C400CFE7B6 /* GameCell.m in Sources */,
				E705AA1B18AE735600CFE7B6 /* GameDetailsViewController.m in Sources */,
				E705AA2C18AE739900CFE7B6 /* PrivateLobbyViewController.m in Sources */,
				E7C8653F18B6594F00D80BD1 /* FriendProfileViewController.m in Sources */,
				E705AA4318AE744500CFE7B6 /* main.m in Sources */,
			);
			runOnlyForDeploymentPostprocessing = 0;
		};
/* End PBXSourcesBuildPhase section */

/* Begin PBXVariantGroup section */
		E751E48D1858BF15004E8874 /* InfoPlist.strings */ = {
			isa = PBXVariantGroup;
			children = (
				E751E48E1858BF15004E8874 /* en */,
			);
			name = InfoPlist.strings;
			sourceTree = "<group>";
		};
		E751E4961858BF15004E8874 /* Main.storyboard */ = {
			isa = PBXVariantGroup;
			children = (
				E751E4971858BF15004E8874 /* Base */,
			);
			name = Main.storyboard;
			sourceTree = "<group>";
		};
/* End PBXVariantGroup section */

/* Begin XCBuildConfiguration section */
		E751E4B11858BF16004E8874 /* Debug */ = {
			isa = XCBuildConfiguration;
			buildSettings = {
				ALWAYS_SEARCH_USER_PATHS = NO;
				ARCHS = "$(ARCHS_STANDARD_INCLUDING_64_BIT)";
				CLANG_CXX_LANGUAGE_STANDARD = "gnu++0x";
				CLANG_CXX_LIBRARY = "libc++";
				CLANG_ENABLE_MODULES = YES;
				CLANG_ENABLE_OBJC_ARC = YES;
				CLANG_WARN_BOOL_CONVERSION = YES;
				CLANG_WARN_CONSTANT_CONVERSION = YES;
				CLANG_WARN_DIRECT_OBJC_ISA_USAGE = YES_ERROR;
				CLANG_WARN_EMPTY_BODY = YES;
				CLANG_WARN_ENUM_CONVERSION = YES;
				CLANG_WARN_INT_CONVERSION = YES;
				CLANG_WARN_OBJC_ROOT_CLASS = YES_ERROR;
				CLANG_WARN__DUPLICATE_METHOD_MATCH = YES;
				CODE_SIGN_IDENTITY = "";
				"CODE_SIGN_IDENTITY[sdk=iphoneos*]" = "iPhone Developer";
				COPY_PHASE_STRIP = NO;
				GCC_C_LANGUAGE_STANDARD = gnu99;
				GCC_DYNAMIC_NO_PIC = NO;
				GCC_OPTIMIZATION_LEVEL = 0;
				GCC_PREPROCESSOR_DEFINITIONS = (
					"DEBUG=1",
					"$(inherited)",
				);
				GCC_SYMBOLS_PRIVATE_EXTERN = NO;
				GCC_WARN_64_TO_32_BIT_CONVERSION = YES;
				GCC_WARN_ABOUT_RETURN_TYPE = YES_ERROR;
				GCC_WARN_UNDECLARED_SELECTOR = YES;
				GCC_WARN_UNINITIALIZED_AUTOS = YES;
				GCC_WARN_UNUSED_FUNCTION = YES;
				GCC_WARN_UNUSED_VARIABLE = YES;
				IPHONEOS_DEPLOYMENT_TARGET = 7.0;
				ONLY_ACTIVE_ARCH = YES;
				PROVISIONING_PROFILE = "";
				SDKROOT = iphoneos;
			};
			name = Debug;
		};
		E751E4B21858BF16004E8874 /* Release */ = {
			isa = XCBuildConfiguration;
			buildSettings = {
				ALWAYS_SEARCH_USER_PATHS = NO;
				ARCHS = "$(ARCHS_STANDARD_INCLUDING_64_BIT)";
				CLANG_CXX_LANGUAGE_STANDARD = "gnu++0x";
				CLANG_CXX_LIBRARY = "libc++";
				CLANG_ENABLE_MODULES = YES;
				CLANG_ENABLE_OBJC_ARC = YES;
				CLANG_WARN_BOOL_CONVERSION = YES;
				CLANG_WARN_CONSTANT_CONVERSION = YES;
				CLANG_WARN_DIRECT_OBJC_ISA_USAGE = YES_ERROR;
				CLANG_WARN_EMPTY_BODY = YES;
				CLANG_WARN_ENUM_CONVERSION = YES;
				CLANG_WARN_INT_CONVERSION = YES;
				CLANG_WARN_OBJC_ROOT_CLASS = YES_ERROR;
				CLANG_WARN__DUPLICATE_METHOD_MATCH = YES;
				CODE_SIGN_IDENTITY = "";
				"CODE_SIGN_IDENTITY[sdk=iphoneos*]" = "iPhone Developer";
				COPY_PHASE_STRIP = YES;
				ENABLE_NS_ASSERTIONS = NO;
				GCC_C_LANGUAGE_STANDARD = gnu99;
				GCC_WARN_64_TO_32_BIT_CONVERSION = YES;
				GCC_WARN_ABOUT_RETURN_TYPE = YES_ERROR;
				GCC_WARN_UNDECLARED_SELECTOR = YES;
				GCC_WARN_UNINITIALIZED_AUTOS = YES;
				GCC_WARN_UNUSED_FUNCTION = YES;
				GCC_WARN_UNUSED_VARIABLE = YES;
				IPHONEOS_DEPLOYMENT_TARGET = 7.0;
				PROVISIONING_PROFILE = "";
				SDKROOT = iphoneos;
				VALIDATE_PRODUCT = YES;
			};
			name = Release;
		};
		E751E4B41858BF16004E8874 /* Debug */ = {
			isa = XCBuildConfiguration;
			buildSettings = {
				CODE_SIGN_IDENTITY = "iPhone Developer";
				"CODE_SIGN_IDENTITY[sdk=iphoneos*]" = "iPhone Developer";
				FRAMEWORK_SEARCH_PATHS = (
					"$(inherited)",
					"$(SRCROOT)/ZomBeacon/Frameworks",
					/Users/padams/Desktop/Patrick/Projects/ZomBeacon,
				);
				GCC_PRECOMPILE_PREFIX_HEADER = YES;
				GCC_PREFIX_HEADER = "ZomBeacon/Supporting Files/ZomBeacon-Prefix.pch";
				HEADER_SEARCH_PATHS = (
					"$(inherited)",
					/Applications/Xcode.app/Contents/Developer/Toolchains/XcodeDefault.xctoolchain/usr/include,
				);
				INFOPLIST_FILE = "ZomBeacon/Supporting Files/ZomBeacon-Info.plist";
				IPHONEOS_DEPLOYMENT_TARGET = 7.0;
				LIBRARY_SEARCH_PATHS = "$(inherited)";
				OTHER_LDFLAGS = "";
				PRODUCT_NAME = "$(TARGET_NAME)";
				PROVISIONING_PROFILE = "";
				TARGETED_DEVICE_FAMILY = 1;
				WRAPPER_EXTENSION = app;
			};
			name = Debug;
		};
		E751E4B51858BF16004E8874 /* Release */ = {
			isa = XCBuildConfiguration;
			buildSettings = {
				CODE_SIGN_IDENTITY = "iPhone Developer";
				"CODE_SIGN_IDENTITY[sdk=iphoneos*]" = "iPhone Developer";
				FRAMEWORK_SEARCH_PATHS = (
					"$(inherited)",
					"$(SRCROOT)/ZomBeacon/Frameworks",
					/Users/padams/Desktop/Patrick/Projects/ZomBeacon,
				);
				GCC_PRECOMPILE_PREFIX_HEADER = YES;
				GCC_PREFIX_HEADER = "ZomBeacon/Supporting Files/ZomBeacon-Prefix.pch";
				HEADER_SEARCH_PATHS = (
					"$(inherited)",
					/Applications/Xcode.app/Contents/Developer/Toolchains/XcodeDefault.xctoolchain/usr/include,
				);
				INFOPLIST_FILE = "ZomBeacon/Supporting Files/ZomBeacon-Info.plist";
				IPHONEOS_DEPLOYMENT_TARGET = 7.0;
				LIBRARY_SEARCH_PATHS = "$(inherited)";
				OTHER_LDFLAGS = "";
				PRODUCT_NAME = "$(TARGET_NAME)";
				PROVISIONING_PROFILE = "";
				TARGETED_DEVICE_FAMILY = 1;
				WRAPPER_EXTENSION = app;
			};
			name = Release;
		};
/* End XCBuildConfiguration section */

/* Begin XCConfigurationList section */
		E751E47C1858BF15004E8874 /* Build configuration list for PBXProject "ZomBeacon" */ = {
			isa = XCConfigurationList;
			buildConfigurations = (
				E751E4B11858BF16004E8874 /* Debug */,
				E751E4B21858BF16004E8874 /* Release */,
			);
			defaultConfigurationIsVisible = 0;
			defaultConfigurationName = Release;
		};
		E751E4B31858BF16004E8874 /* Build configuration list for PBXNativeTarget "ZomBeacon" */ = {
			isa = XCConfigurationList;
			buildConfigurations = (
				E751E4B41858BF16004E8874 /* Debug */,
				E751E4B51858BF16004E8874 /* Release */,
			);
			defaultConfigurationIsVisible = 0;
			defaultConfigurationName = Release;
		};
/* End XCConfigurationList section */
	};
	rootObject = E751E4791858BF15004E8874 /* Project object */;
}
